
Microsoft Visual Studio Solution File, Format Version 12.00
# Visual Studio Version 17
VisualStudioVersion = 17.3.32901.215
MinimumVisualStudioVersion = 10.0.40219.1
Project("{2150E333-8FDC-42A3-9474-1A3956D46DE8}") = "ApiGateway", "ApiGateway", "{75938D16-D280-4200-A970-8D33B719D252}"
EndProject
Project("{2150E333-8FDC-42A3-9474-1A3956D46DE8}") = "Services", "Services", "{1664607F-51C7-4F29-8CB3-81905C348D1A}"
EndProject
Project("{2150E333-8FDC-42A3-9474-1A3956D46DE8}") = "Products", "Products", "{E51BE61F-AE3C-40D7-A789-F2ABD6111664}"
EndProject
Project("{9A19103F-16F7-4668-BE54-9A1E7A4F7556}") = "ECommerce.ApiGateway", "ApiGateway\ECommerce.ApiGateway\ECommerce.ApiGateway.csproj", "{B5859791-B761-4609-8C36-6ED985DDBDF8}"
EndProject
Project("{2150E333-8FDC-42A3-9474-1A3956D46DE8}") = "Boundry", "Boundry", "{D764867B-38AA-4AB6-89C3-49CB5CD17BF0}"
EndProject
Project("{2150E333-8FDC-42A3-9474-1A3956D46DE8}") = "Core", "Core", "{902F7A56-AD2E-4823-A4E0-9E13D031820A}"
EndProject
Project("{2150E333-8FDC-42A3-9474-1A3956D46DE8}") = "ProductsList", "ProductsList", "{EED54115-D5A1-4D91-832D-46321E0A891D}"
EndProject
Project("{2150E333-8FDC-42A3-9474-1A3956D46DE8}") = "Boundry", "Boundry", "{66FC6486-33A9-4C43-9759-C838E4D296F2}"
EndProject
Project("{9A19103F-16F7-4668-BE54-9A1E7A4F7556}") = "ECommerce.InfraStructure", "Core\ECommerce.InfraStructure\ECommerce.InfraStructure.csproj", "{CF6A7913-44BC-4B4A-8F6E-FEB81482E81A}"
EndProject
Project("{9A19103F-16F7-4668-BE54-9A1E7A4F7556}") = "ECommerce.Products.Domain", "Services\Products\Boundry\ECommerce.Products.Domain\ECommerce.Products.Domain.csproj", "{626A188E-189C-4134-923B-7A673418D37D}"
EndProject
Project("{9A19103F-16F7-4668-BE54-9A1E7A4F7556}") = "ECommerce.Products.Common", "Services\Products\Boundry\ECommerce.Products.Common\ECommerce.Products.Common.csproj", "{B99C76DA-2719-4302-B0A3-287665CEFEFA}"
EndProject
Project("{9A19103F-16F7-4668-BE54-9A1E7A4F7556}") = "ECommerce.Products.Application.Contract", "Services\Products\Boundry\ECommerce.Products.Application.Contract\ECommerce.Products.Application.Contract.csproj", "{6A361B94-CA8A-44F6-9AA3-F044854E28AB}"
EndProject
Project("{9A19103F-16F7-4668-BE54-9A1E7A4F7556}") = "ECommerce.Products.Application", "Services\Products\Boundry\ECommerce.Products.Application\ECommerce.Products.Application.csproj", "{320EA487-33C1-4951-95FF-F968BD51CA38}"
EndProject
Project("{9A19103F-16F7-4668-BE54-9A1E7A4F7556}") = "ECommerce.Products.Api", "Services\Products\ECommerce.Products.Api\ECommerce.Products.Api.csproj", "{D3B89B55-7B8A-4AD8-AB0B-219DB5BFAE71}"
EndProject
Project("{9A19103F-16F7-4668-BE54-9A1E7A4F7556}") = "ECommerce.ProductsList.Api", "Services\ProductsList\ECommerce.ProductsList.Api\ECommerce.ProductsList.Api.csproj", "{0746D181-385F-4CB0-9D9E-1B6EF3B71546}"
EndProject
Project("{9A19103F-16F7-4668-BE54-9A1E7A4F7556}") = "ECommerce.ProductsList.Application", "Services\ProductsList\Boundry\ECommerce.ProductsList.Application\ECommerce.ProductsList.Application.csproj", "{7EDD8132-DE0A-49C9-90EE-FF0F428C593F}"
EndProject
Project("{9A19103F-16F7-4668-BE54-9A1E7A4F7556}") = "ECommerce.ProductsList.Application.Contract", "Services\ProductsList\Boundry\ECommerce.ProductsList.Application.Contract\ECommerce.ProductsList.Application.Contract.csproj", "{C660A71D-5D81-4F4C-B12F-1AD0155E3696}"
EndProject
Project("{9A19103F-16F7-4668-BE54-9A1E7A4F7556}") = "ECommerce.ProductsList.Common", "Services\ProductsList\Boundry\ECommerce.ProductsList.Common\ECommerce.ProductsList.Common.csproj", "{7EF6A6B5-8660-4EEB-81F3-4904ED446FD3}"
EndProject
Project("{9A19103F-16F7-4668-BE54-9A1E7A4F7556}") = "ECommerce.ProductsList.Domain", "Services\ProductsList\Boundry\ECommerce.ProductsList.Domain\ECommerce.ProductsList.Domain.csproj", "{6D017B78-69D7-477C-B714-5BE39F9AFC9D}"
EndProject
Global
	GlobalSection(SolutionConfigurationPlatforms) = preSolution
		Debug|Any CPU = Debug|Any CPU
		Release|Any CPU = Release|Any CPU
	EndGlobalSection
	GlobalSection(ProjectConfigurationPlatforms) = postSolution
		{B5859791-B761-4609-8C36-6ED985DDBDF8}.Debug|Any CPU.ActiveCfg = Debug|Any CPU
		{B5859791-B761-4609-8C36-6ED985DDBDF8}.Debug|Any CPU.Build.0 = Debug|Any CPU
		{B5859791-B761-4609-8C36-6ED985DDBDF8}.Release|Any CPU.ActiveCfg = Release|Any CPU
		{B5859791-B761-4609-8C36-6ED985DDBDF8}.Release|Any CPU.Build.0 = Release|Any CPU
		{CF6A7913-44BC-4B4A-8F6E-FEB81482E81A}.Debug|Any CPU.ActiveCfg = Debug|Any CPU
		{CF6A7913-44BC-4B4A-8F6E-FEB81482E81A}.Debug|Any CPU.Build.0 = Debug|Any CPU
		{CF6A7913-44BC-4B4A-8F6E-FEB81482E81A}.Release|Any CPU.ActiveCfg = Release|Any CPU
		{CF6A7913-44BC-4B4A-8F6E-FEB81482E81A}.Release|Any CPU.Build.0 = Release|Any CPU
		{626A188E-189C-4134-923B-7A673418D37D}.Debug|Any CPU.ActiveCfg = Debug|Any CPU
		{626A188E-189C-4134-923B-7A673418D37D}.Debug|Any CPU.Build.0 = Debug|Any CPU
		{626A188E-189C-4134-923B-7A673418D37D}.Release|Any CPU.ActiveCfg = Release|Any CPU
		{626A188E-189C-4134-923B-7A673418D37D}.Release|Any CPU.Build.0 = Release|Any CPU
		{B99C76DA-2719-4302-B0A3-287665CEFEFA}.Debug|Any CPU.ActiveCfg = Debug|Any CPU
		{B99C76DA-2719-4302-B0A3-287665CEFEFA}.Debug|Any CPU.Build.0 = Debug|Any CPU
		{B99C76DA-2719-4302-B0A3-287665CEFEFA}.Release|Any CPU.ActiveCfg = Release|Any CPU
		{B99C76DA-2719-4302-B0A3-287665CEFEFA}.Release|Any CPU.Build.0 = Release|Any CPU
		{6A361B94-CA8A-44F6-9AA3-F044854E28AB}.Debug|Any CPU.ActiveCfg = Debug|Any CPU
		{6A361B94-CA8A-44F6-9AA3-F044854E28AB}.Debug|Any CPU.Build.0 = Debug|Any CPU
		{6A361B94-CA8A-44F6-9AA3-F044854E28AB}.Release|Any CPU.ActiveCfg = Release|Any CPU
		{6A361B94-CA8A-44F6-9AA3-F044854E28AB}.Release|Any CPU.Build.0 = Release|Any CPU
		{320EA487-33C1-4951-95FF-F968BD51CA38}.Debug|Any CPU.ActiveCfg = Debug|Any CPU
		{320EA487-33C1-4951-95FF-F968BD51CA38}.Debug|Any CPU.Build.0 = Debug|Any CPU
		{320EA487-33C1-4951-95FF-F968BD51CA38}.Release|Any CPU.ActiveCfg = Release|Any CPU
		{320EA487-33C1-4951-95FF-F968BD51CA38}.Release|Any CPU.Build.0 = Release|Any CPU
		{D3B89B55-7B8A-4AD8-AB0B-219DB5BFAE71}.Debug|Any CPU.ActiveCfg = Debug|Any CPU
		{D3B89B55-7B8A-4AD8-AB0B-219DB5BFAE71}.Debug|Any CPU.Build.0 = Debug|Any CPU
		{D3B89B55-7B8A-4AD8-AB0B-219DB5BFAE71}.Release|Any CPU.ActiveCfg = Release|Any CPU
		{D3B89B55-7B8A-4AD8-AB0B-219DB5BFAE71}.Release|Any CPU.Build.0 = Release|Any CPU
		{0746D181-385F-4CB0-9D9E-1B6EF3B71546}.Debug|Any CPU.ActiveCfg = Debug|Any CPU
		{0746D181-385F-4CB0-9D9E-1B6EF3B71546}.Debug|Any CPU.Build.0 = Debug|Any CPU
		{0746D181-385F-4CB0-9D9E-1B6EF3B71546}.Release|Any CPU.ActiveCfg = Release|Any CPU
		{0746D181-385F-4CB0-9D9E-1B6EF3B71546}.Release|Any CPU.Build.0 = Release|Any CPU
		{7EDD8132-DE0A-49C9-90EE-FF0F428C593F}.Debug|Any CPU.ActiveCfg = Debug|Any CPU
		{7EDD8132-DE0A-49C9-90EE-FF0F428C593F}.Debug|Any CPU.Build.0 = Debug|Any CPU
		{7EDD8132-DE0A-49C9-90EE-FF0F428C593F}.Release|Any CPU.ActiveCfg = Release|Any CPU
		{7EDD8132-DE0A-49C9-90EE-FF0F428C593F}.Release|Any CPU.Build.0 = Release|Any CPU
		{C660A71D-5D81-4F4C-B12F-1AD0155E3696}.Debug|Any CPU.ActiveCfg = Debug|Any CPU
		{C660A71D-5D81-4F4C-B12F-1AD0155E3696}.Debug|Any CPU.Build.0 = Debug|Any CPU
		{C660A71D-5D81-4F4C-B12F-1AD0155E3696}.Release|Any CPU.ActiveCfg = Release|Any CPU
		{C660A71D-5D81-4F4C-B12F-1AD0155E3696}.Release|Any CPU.Build.0 = Release|Any CPU
		{7EF6A6B5-8660-4EEB-81F3-4904ED446FD3}.Debug|Any CPU.ActiveCfg = Debug|Any CPU
		{7EF6A6B5-8660-4EEB-81F3-4904ED446FD3}.Debug|Any CPU.Build.0 = Debug|Any CPU
		{7EF6A6B5-8660-4EEB-81F3-4904ED446FD3}.Release|Any CPU.ActiveCfg = Release|Any CPU
		{7EF6A6B5-8660-4EEB-81F3-4904ED446FD3}.Release|Any CPU.Build.0 = Release|Any CPU
		{6D017B78-69D7-477C-B714-5BE39F9AFC9D}.Debug|Any CPU.ActiveCfg = Debug|Any CPU
		{6D017B78-69D7-477C-B714-5BE39F9AFC9D}.Debug|Any CPU.Build.0 = Debug|Any CPU
		{6D017B78-69D7-477C-B714-5BE39F9AFC9D}.Release|Any CPU.ActiveCfg = Release|Any CPU
		{6D017B78-69D7-477C-B714-5BE39F9AFC9D}.Release|Any CPU.Build.0 = Release|Any CPU
	EndGlobalSection
	GlobalSection(SolutionProperties) = preSolution
		HideSolutionNode = FALSE
	EndGlobalSection
	GlobalSection(NestedProjects) = preSolution
		{E51BE61F-AE3C-40D7-A789-F2ABD6111664} = {1664607F-51C7-4F29-8CB3-81905C348D1A}
		{B5859791-B761-4609-8C36-6ED985DDBDF8} = {75938D16-D280-4200-A970-8D33B719D252}
		{D764867B-38AA-4AB6-89C3-49CB5CD17BF0} = {E51BE61F-AE3C-40D7-A789-F2ABD6111664}
		{EED54115-D5A1-4D91-832D-46321E0A891D} = {1664607F-51C7-4F29-8CB3-81905C348D1A}
		{66FC6486-33A9-4C43-9759-C838E4D296F2} = {EED54115-D5A1-4D91-832D-46321E0A891D}
		{CF6A7913-44BC-4B4A-8F6E-FEB81482E81A} = {902F7A56-AD2E-4823-A4E0-9E13D031820A}
		{626A188E-189C-4134-923B-7A673418D37D} = {D764867B-38AA-4AB6-89C3-49CB5CD17BF0}
		{B99C76DA-2719-4302-B0A3-287665CEFEFA} = {D764867B-38AA-4AB6-89C3-49CB5CD17BF0}
		{6A361B94-CA8A-44F6-9AA3-F044854E28AB} = {D764867B-38AA-4AB6-89C3-49CB5CD17BF0}
		{320EA487-33C1-4951-95FF-F968BD51CA38} = {D764867B-38AA-4AB6-89C3-49CB5CD17BF0}
		{D3B89B55-7B8A-4AD8-AB0B-219DB5BFAE71} = {E51BE61F-AE3C-40D7-A789-F2ABD6111664}
		{0746D181-385F-4CB0-9D9E-1B6EF3B71546} = {EED54115-D5A1-4D91-832D-46321E0A891D}
		{7EDD8132-DE0A-49C9-90EE-FF0F428C593F} = {66FC6486-33A9-4C43-9759-C838E4D296F2}
		{C660A71D-5D81-4F4C-B12F-1AD0155E3696} = {66FC6486-33A9-4C43-9759-C838E4D296F2}
		{7EF6A6B5-8660-4EEB-81F3-4904ED446FD3} = {66FC6486-33A9-4C43-9759-C838E4D296F2}
		{6D017B78-69D7-477C-B714-5BE39F9AFC9D} = {66FC6486-33A9-4C43-9759-C838E4D296F2}
	EndGlobalSection
	GlobalSection(ExtensibilityGlobals) = postSolution
		SolutionGuid = {AAA408E9-E738-4F2B-A6C2-B35AAADDB00F}
	EndGlobalSection
EndGlobal
